<?xml version="1.0" encoding="utf-8"?>
<Project ToolsVersion="4.0" xmlns="http://schemas.microsoft.com/developer/msbuild/2003">
  <ItemGroup>
    <Filter Include="Common">
      <UniqueIdentifier>{4537b932-321a-4965-b482-d8f2ac0bc70d}</UniqueIdentifier>
    </Filter>
    <Filter Include="FX">
      <UniqueIdentifier>{ebb3bfd8-d999-452e-806f-24292f0678d2}</UniqueIdentifier>
    </Filter>
    <Filter Include="Models">
      <UniqueIdentifier>{73361f0d-c71d-49eb-abe4-1dde21e0c138}</UniqueIdentifier>
    </Filter>
    <Filter Include="Infrastructure">
      <UniqueIdentifier>{5f4df518-6e2c-47be-ab2c-984b39d37acf}</UniqueIdentifier>
    </Filter>
    <Filter Include="Demos">
      <UniqueIdentifier>{4FC737F1-C7A5-4376-A066-2A32D752A2FF}</UniqueIdentifier>
      <Extensions>cpp;c;cc;cxx;def;odl;idl;hpj;bat;asm;asmx</Extensions>
    </Filter>
    <Filter Include="Main">
      <UniqueIdentifier>{0115928e-8774-41a6-89b2-d3aedf4f6e89}</UniqueIdentifier>
    </Filter>
    <Filter Include="Input">
      <UniqueIdentifier>{19273f8a-1387-4d0f-bf46-9f8c6d8c86c9}</UniqueIdentifier>
    </Filter>
    <Filter Include="Deprecated">
      <UniqueIdentifier>{12b6244d-86d7-459c-9428-a22765521fca}</UniqueIdentifier>
    </Filter>
    <Filter Include="GUI">
      <UniqueIdentifier>{279076a9-69bb-42fe-8b97-900159e409f3}</UniqueIdentifier>
    </Filter>
    <Filter Include="GUI\Widgets">
      <UniqueIdentifier>{25026604-c524-4cb7-b678-13c6ca008610}</UniqueIdentifier>
    </Filter>
  </ItemGroup>
  <ItemGroup>
    <ClCompile Include="BoxDemo.cpp">
      <Filter>Demos</Filter>
    </ClCompile>
    <ClCompile Include="EmptyDemo.cpp">
      <Filter>Demos</Filter>
    </ClCompile>
    <ClCompile Include="..\Common\RenderCore.cpp">
      <Filter>Common</Filter>
    </ClCompile>
    <ClCompile Include="..\Common\Timer.cpp">
      <Filter>Common</Filter>
    </ClCompile>
    <ClCompile Include="..\Common\MathHelper.cpp">
      <Filter>Common</Filter>
    </ClCompile>
    <ClCompile Include="GridDemo.cpp">
      <Filter>Demos</Filter>
    </ClCompile>
    <ClCompile Include="..\Common\GeometryGenerator.cpp">
      <Filter>Common</Filter>
    </ClCompile>
    <ClCompile Include="SceneDemo.cpp">
      <Filter>Demos</Filter>
    </ClCompile>
    <ClCompile Include="WaveDemo.cpp">
      <Filter>Demos</Filter>
    </ClCompile>
    <ClCompile Include="MeshLoaderDemo.cpp">
      <Filter>Demos</Filter>
    </ClCompile>
    <ClCompile Include="LightingDemo.cpp">
      <Filter>Demos</Filter>
    </ClCompile>
    <ClCompile Include="..\Common\WavesSimple.cpp">
      <Filter>Common</Filter>
    </ClCompile>
    <ClCompile Include="..\Common\Waves.cpp">
      <Filter>Common</Filter>
    </ClCompile>
    <ClCompile Include="LightingDemo2.cpp">
      <Filter>Demos</Filter>
    </ClCompile>
    <ClCompile Include="RenderStateMgr.cpp">
      <Filter>Infrastructure</Filter>
    </ClCompile>
    <ClCompile Include="InputLayoutMgr.cpp">
      <Filter>Infrastructure</Filter>
    </ClCompile>
    <ClCompile Include="EffectMgr.cpp">
      <Filter>Infrastructure</Filter>
    </ClCompile>
    <ClCompile Include="..\Common\Camera.cpp">
      <Filter>Common</Filter>
    </ClCompile>
    <ClCompile Include="ObjLoader.cpp">
      <Filter>Infrastructure</Filter>
    </ClCompile>
    <ClCompile Include="ObjLoaderDemo.cpp">
      <Filter>Demos</Filter>
    </ClCompile>
    <ClCompile Include="TextureMgr.cpp">
      <Filter>Infrastructure</Filter>
    </ClCompile>
    <ClCompile Include="Model.cpp">
      <Filter>Infrastructure</Filter>
    </ClCompile>
    <ClCompile Include="BillboardDemo.cpp">
      <Filter>Demos</Filter>
    </ClCompile>
    <ClCompile Include="main.cpp">
      <Filter>Main</Filter>
    </ClCompile>
    <ClCompile Include="DemoBasic.cpp">
      <Filter>Demos</Filter>
    </ClCompile>
    <ClCompile Include="SpriteDemo.cpp">
      <Filter>Demos</Filter>
    </ClCompile>
    <ClCompile Include="Sprite.cpp">
      <Filter>Infrastructure</Filter>
    </ClCompile>
    <ClCompile Include="FontEngine.cpp">
      <Filter>Infrastructure</Filter>
    </ClCompile>
    <ClCompile Include="BaseWindow.cpp">
      <Filter>Deprecated</Filter>
    </ClCompile>
    <ClCompile Include="OverlayGraphics.cpp">
      <Filter>Deprecated</Filter>
    </ClCompile>
    <ClCompile Include="OverlayMgr.cpp">
      <Filter>Deprecated</Filter>
    </ClCompile>
    <ClCompile Include="Math2D.cpp">
      <Filter>GUI</Filter>
    </ClCompile>
    <ClCompile Include="GUIRenderer.cpp">
      <Filter>GUI</Filter>
    </ClCompile>
    <ClCompile Include="LayoutSolver.cpp">
      <Filter>GUI</Filter>
    </ClCompile>
    <ClCompile Include="WidgetBase.cpp">
      <Filter>Deprecated</Filter>
    </ClCompile>
    <ClCompile Include="WidgetMgr_dep.cpp">
      <Filter>Deprecated</Filter>
    </ClCompile>
    <ClCompile Include="WidgetMgr.cpp">
      <Filter>GUI</Filter>
    </ClCompile>
    <ClCompile Include="Widget.cpp">
      <Filter>GUI\Widgets</Filter>
    </ClCompile>
    <ClCompile Include="Container.cpp">
      <Filter>GUI\Widgets</Filter>
    </ClCompile>
    <ClCompile Include="Root.cpp">
      <Filter>GUI\Widgets</Filter>
    </ClCompile>
  </ItemGroup>
  <ItemGroup>
    <ClInclude Include="..\Common\RenderCore.h">
      <Filter>Common</Filter>
    </ClInclude>
    <ClInclude Include="..\Common\Timer.h">
      <Filter>Common</Filter>
    </ClInclude>
    <ClInclude Include="..\Common\Util.h">
      <Filter>Common</Filter>
    </ClInclude>
    <ClInclude Include="..\Common\WindowBase.h">
      <Filter>Common</Filter>
    </ClInclude>
    <ClInclude Include="..\Common\MathHelper.h">
      <Filter>Common</Filter>
    </ClInclude>
    <ClInclude Include="..\Common\d3dx11effect.h">
      <Filter>Common</Filter>
    </ClInclude>
    <ClInclude Include="..\Common\GeometryGenerator.h">
      <Filter>Common</Filter>
    </ClInclude>
    <ClInclude Include="..\Common\LightHelper.h">
      <Filter>Common</Filter>
    </ClInclude>
    <ClInclude Include="..\Common\WavesSimple.h">
      <Filter>Common</Filter>
    </ClInclude>
    <ClInclude Include="..\Common\Waves.h">
      <Filter>Common</Filter>
    </ClInclude>
    <ClInclude Include="RenderStateMgr.h">
      <Filter>Infrastructure</Filter>
    </ClInclude>
    <ClInclude Include="InputLayoutMgr.h">
      <Filter>Infrastructure</Filter>
    </ClInclude>
    <ClInclude Include="EffectMgr.h">
      <Filter>Infrastructure</Filter>
    </ClInclude>
    <ClInclude Include="..\Common\Camera.h">
      <Filter>Common</Filter>
    </ClInclude>
    <ClInclude Include="ObjLoader.h">
      <Filter>Infrastructure</Filter>
    </ClInclude>
    <ClInclude Include="TextureMgr.h">
      <Filter>Infrastructure</Filter>
    </ClInclude>
    <ClInclude Include="Model.h">
      <Filter>Infrastructure</Filter>
    </ClInclude>
    <ClInclude Include="BillboardDemo.h">
      <Filter>Demos</Filter>
    </ClInclude>
    <ClInclude Include="BoxDemo.h">
      <Filter>Demos</Filter>
    </ClInclude>
    <ClInclude Include="EmptyDemo.h">
      <Filter>Demos</Filter>
    </ClInclude>
    <ClInclude Include="GridDemo.h">
      <Filter>Demos</Filter>
    </ClInclude>
    <ClInclude Include="LightingDemo.h">
      <Filter>Demos</Filter>
    </ClInclude>
    <ClInclude Include="LightingDemo2.h">
      <Filter>Demos</Filter>
    </ClInclude>
    <ClInclude Include="MeshLoaderDemo.h">
      <Filter>Demos</Filter>
    </ClInclude>
    <ClInclude Include="ObjLoaderDemo.h">
      <Filter>Demos</Filter>
    </ClInclude>
    <ClInclude Include="SceneDemo.h">
      <Filter>Demos</Filter>
    </ClInclude>
    <ClInclude Include="WaveDemo.h">
      <Filter>Demos</Filter>
    </ClInclude>
    <ClInclude Include="DemoBasic.h">
      <Filter>Demos</Filter>
    </ClInclude>
    <ClInclude Include="SpriteDemo.h">
      <Filter>Demos</Filter>
    </ClInclude>
    <ClInclude Include="Sprite.h">
      <Filter>Infrastructure</Filter>
    </ClInclude>
    <ClInclude Include="FontEngine.h">
      <Filter>Infrastructure</Filter>
    </ClInclude>
    <ClInclude Include="Mouse.h">
      <Filter>Input</Filter>
    </ClInclude>
    <ClInclude Include="QuadBuffer.h">
      <Filter>GUI</Filter>
    </ClInclude>
    <ClInclude Include="BaseWindow.h">
      <Filter>Deprecated</Filter>
    </ClInclude>
    <ClInclude Include="OverlayGraphics.h">
      <Filter>Deprecated</Filter>
    </ClInclude>
    <ClInclude Include="OverlayMgr.h">
      <Filter>Deprecated</Filter>
    </ClInclude>
    <ClInclude Include="Math2D.h">
      <Filter>GUI</Filter>
    </ClInclude>
    <ClInclude Include="GUIRenderer.h">
      <Filter>GUI</Filter>
    </ClInclude>
    <ClInclude Include="Input.h">
      <Filter>Input</Filter>
    </ClInclude>
    <ClInclude Include="Event.h">
      <Filter>Input</Filter>
    </ClInclude>
    <ClInclude Include="Color.h">
      <Filter>GUI</Filter>
    </ClInclude>
    <ClInclude Include="LayoutSolver.h">
      <Filter>GUI</Filter>
    </ClInclude>
    <ClInclude Include="IRenderable2D.h">
      <Filter>GUI</Filter>
    </ClInclude>
    <ClInclude Include="GUIEvent.h">
      <Filter>GUI</Filter>
    </ClInclude>
    <ClInclude Include="TextBlock.h">
      <Filter>GUI</Filter>
    </ClInclude>
    <ClInclude Include="WidgetBase.h">
      <Filter>Deprecated</Filter>
    </ClInclude>
    <ClInclude Include="WidgetMgr_dep.h">
      <Filter>Deprecated</Filter>
    </ClInclude>
    <ClInclude Include="WidgetMgr.h">
      <Filter>GUI</Filter>
    </ClInclude>
    <ClInclude Include="Widget.h">
      <Filter>GUI\Widgets</Filter>
    </ClInclude>
    <ClInclude Include="Container.h">
      <Filter>GUI\Widgets</Filter>
    </ClInclude>
    <ClInclude Include="Root.h">
      <Filter>GUI\Widgets</Filter>
    </ClInclude>
  </ItemGroup>
  <ItemGroup>
    <CustomBuild Include="FX\color.fx">
      <Filter>FX</Filter>
    </CustomBuild>
    <CustomBuild Include="FX\Lighting.fx">
      <Filter>FX</Filter>
    </CustomBuild>
    <CustomBuild Include="FX\Basic.fx">
      <Filter>FX</Filter>
    </CustomBuild>
    <CustomBuild Include="FX\Billboard.fx">
      <Filter>FX</Filter>
    </CustomBuild>
    <CustomBuild Include="FX\Sprite.fx">
      <Filter>FX</Filter>
    </CustomBuild>
    <CustomBuild Include="FX\Overlay.fx">
      <Filter>FX</Filter>
    </CustomBuild>
  </ItemGroup>
  <ItemGroup>
    <None Include="Models\skull.txt">
      <Filter>Models</Filter>
    </None>
    <None Include="FX\LightHelper.fx">
      <Filter>FX</Filter>
    </None>
  </ItemGroup>
</Project>